// !$*UTF8*$!
{
	archiveVersion = 1;
	classes = {
	};
	objectVersion = 56;
	objects = {

/* Begin PBXBuildFile section */
		900000000000000000000001 /* SalmanMacCleanerApp.swift in Sources */ = {isa = PBXBuildFile; fileRef = 100000000000000000000001 /* SalmanMacCleanerApp.swift */; };
		900000000000000000000002 /* PathSafety.swift in Sources */ = {isa = PBXBuildFile; fileRef = 100000000000000000000002 /* PathSafety.swift */; };
		900000000000000000000003 /* Crypto.swift in Sources */ = {isa = PBXBuildFile; fileRef = 100000000000000000000003 /* Crypto.swift */; };
		900000000000000000000004 /* FileUtilities.swift in Sources */ = {isa = PBXBuildFile; fileRef = 100000000000000000000004 /* FileUtilities.swift */; };
		900000000000000000000005 /* AppState.swift in Sources */ = {isa = PBXBuildFile; fileRef = 100000000000000000000005 /* AppState.swift */; };
		900000000000000000000006 /* SettingsStore.swift in Sources */ = {isa = PBXBuildFile; fileRef = 100000000000000000000006 /* SettingsStore.swift */; };
		900000000000000000000007 /* HistoryStore.swift in Sources */ = {isa = PBXBuildFile; fileRef = 100000000000000000000007 /* HistoryStore.swift */; };
		900000000000000000000008 /* CleanupEngine.swift in Sources */ = {isa = PBXBuildFile; fileRef = 100000000000000000000008 /* CleanupEngine.swift */; };
		900000000000000000000009 /* Models.swift in Sources */ = {isa = PBXBuildFile; fileRef = 100000000000000000000009 /* Models.swift */; };
		900000000000000000000010 /* FolderPicker.swift in Sources */ = {isa = PBXBuildFile; fileRef = 100000000000000000000010 /* FolderPicker.swift */; };
		900000000000000000000011 /* ScanCoordinator.swift in Sources */ = {isa = PBXBuildFile; fileRef = 100000000000000000000011 /* ScanCoordinator.swift */; };
		900000000000000000000012 /* StorageOverview.swift in Sources */ = {isa = PBXBuildFile; fileRef = 100000000000000000000012 /* StorageOverview.swift */; };
		900000000000000000000013 /* DashboardView.swift in Sources */ = {isa = PBXBuildFile; fileRef = 100000000000000000000013 /* DashboardView.swift */; };
		900000000000000000000014 /* LargeFileScanner.swift in Sources */ = {isa = PBXBuildFile; fileRef = 100000000000000000000014 /* LargeFileScanner.swift */; };
		900000000000000000000015 /* LargeFilesView.swift in Sources */ = {isa = PBXBuildFile; fileRef = 100000000000000000000015 /* LargeFilesView.swift */; };
		900000000000000000000016 /* LargeFilesViewModel.swift in Sources */ = {isa = PBXBuildFile; fileRef = 100000000000000000000016 /* LargeFilesViewModel.swift */; };
		900000000000000000000017 /* DeveloperCacheScanner.swift in Sources */ = {isa = PBXBuildFile; fileRef = 100000000000000000000017 /* DeveloperCacheScanner.swift */; };
		900000000000000000000018 /* DeveloperCachesView.swift in Sources */ = {isa = PBXBuildFile; fileRef = 100000000000000000000018 /* DeveloperCachesView.swift */; };
		900000000000000000000019 /* DeveloperCachesViewModel.swift in Sources */ = {isa = PBXBuildFile; fileRef = 100000000000000000000019 /* DeveloperCachesViewModel.swift */; };
		900000000000000000000020 /* DuplicateFinder.swift in Sources */ = {isa = PBXBuildFile; fileRef = 100000000000000000000020 /* DuplicateFinder.swift */; };
		900000000000000000000021 /* DuplicatesView.swift in Sources */ = {isa = PBXBuildFile; fileRef = 100000000000000000000021 /* DuplicatesView.swift */; };
		900000000000000000000022 /* DuplicatesViewModel.swift in Sources */ = {isa = PBXBuildFile; fileRef = 100000000000000000000022 /* DuplicatesViewModel.swift */; };
		900000000000000000000023 /* StartupManager.swift in Sources */ = {isa = PBXBuildFile; fileRef = 100000000000000000000023 /* StartupManager.swift */; };
		900000000000000000000024 /* StartupItemsView.swift in Sources */ = {isa = PBXBuildFile; fileRef = 100000000000000000000024 /* StartupItemsView.swift */; };
		900000000000000000000025 /* Uninstaller.swift in Sources */ = {isa = PBXBuildFile; fileRef = 100000000000000000000025 /* Uninstaller.swift */; };
		900000000000000000000026 /* UninstallerView.swift in Sources */ = {isa = PBXBuildFile; fileRef = 100000000000000000000026 /* UninstallerView.swift */; };
		900000000000000000000027 /* UninstallerViewModel.swift in Sources */ = {isa = PBXBuildFile; fileRef = 100000000000000000000027 /* UninstallerViewModel.swift */; };
		900000000000000000000028 /* ContentView.swift in Sources */ = {isa = PBXBuildFile; fileRef = 100000000000000000000028 /* ContentView.swift */; };
		900000000000000000000029 /* SidebarView.swift in Sources */ = {isa = PBXBuildFile; fileRef = 100000000000000000000029 /* SidebarView.swift */; };
		900000000000000000000030 /* SharedComponents.swift in Sources */ = {isa = PBXBuildFile; fileRef = 100000000000000000000030 /* SharedComponents.swift */; };
		900000000000000000000031 /* SettingsView.swift in Sources */ = {isa = PBXBuildFile; fileRef = 100000000000000000000031 /* SettingsView.swift */; };
		900000000000000000000032 /* HistoryView.swift in Sources */ = {isa = PBXBuildFile; fileRef = 100000000000000000000032 /* HistoryView.swift */; };
		900000000000000000000033 /* Assets.xcassets in Resources */ = {isa = PBXBuildFile; fileRef = 100000000000000000000033 /* Assets.xcassets */; };
		900000000000000000000034 /* Localizable.strings in Resources */ = {isa = PBXBuildFile; fileRef = 100000000000000000000034 /* Localizable.strings */; };
		900000000000000000000035 /* PathSafetyTests.swift in Sources */ = {isa = PBXBuildFile; fileRef = 100000000000000000000035 /* PathSafetyTests.swift */; };
		900000000000000000000036 /* CleanupEngineTests.swift in Sources */ = {isa = PBXBuildFile; fileRef = 100000000000000000000036 /* CleanupEngineTests.swift */; };
		900000000000000000000037 /* DuplicateFinderTests.swift in Sources */ = {isa = PBXBuildFile; fileRef = 100000000000000000000037 /* DuplicateFinderTests.swift */; };
		900000000000000000000038 /* SettingsHistoryTests.swift in Sources */ = {isa = PBXBuildFile; fileRef = 100000000000000000000038 /* SettingsHistoryTests.swift */; };
		900000000000000000000039 /* ScanLifecycleTests.swift in Sources */ = {isa = PBXBuildFile; fileRef = 100000000000000000000039 /* ScanLifecycleTests.swift */; };
		900000000000000000000040 /* StartupManagerTests.swift in Sources */ = {isa = PBXBuildFile; fileRef = 100000000000000000000040 /* StartupManagerTests.swift */; };
/* End PBXBuildFile section */

/* Begin PBXContainerItemProxy section */
		200000000000000000000001 /* PBXContainerItemProxy */ = {
			isa = PBXContainerItemProxy;
			containerPortal = 300000000000000000000001 /* Project object */;
			proxyType = 1;
			remoteGlobalIDString = 400000000000000000000001;
			remoteInfo = SalmanMacCleaner;
		};
/* End PBXContainerItemProxy section */

/* Begin PBXFileReference section */
		100000000000000000000001 /* SalmanMacCleanerApp.swift */ = {isa = PBXFileReference; lastKnownFileType = sourcecode.swift; path = SalmanMacCleanerApp.swift; sourceTree = "<group>"; };
		100000000000000000000002 /* PathSafety.swift */ = {isa = PBXFileReference; lastKnownFileType = sourcecode.swift; path = PathSafety.swift; sourceTree = "<group>"; };
		100000000000000000000003 /* Crypto.swift */ = {isa = PBXFileReference; lastKnownFileType = sourcecode.swift; path = Crypto.swift; sourceTree = "<group>"; };
		100000000000000000000004 /* FileUtilities.swift */ = {isa = PBXFileReference; lastKnownFileType = sourcecode.swift; path = FileUtilities.swift; sourceTree = "<group>"; };
		100000000000000000000005 /* AppState.swift */ = {isa = PBXFileReference; lastKnownFileType = sourcecode.swift; path = AppState.swift; sourceTree = "<group>"; };
		100000000000000000000006 /* SettingsStore.swift */ = {isa = PBXFileReference; lastKnownFileType = sourcecode.swift; path = SettingsStore.swift; sourceTree = "<group>"; };
		100000000000000000000007 /* HistoryStore.swift */ = {isa = PBXFileReference; lastKnownFileType = sourcecode.swift; path = HistoryStore.swift; sourceTree = "<group>"; };
		100000000000000000000008 /* CleanupEngine.swift */ = {isa = PBXFileReference; lastKnownFileType = sourcecode.swift; path = CleanupEngine.swift; sourceTree = "<group>"; };
		100000000000000000000009 /* Models.swift */ = {isa = PBXFileReference; lastKnownFileType = sourcecode.swift; path = Models.swift; sourceTree = "<group>"; };
		100000000000000000000010 /* FolderPicker.swift */ = {isa = PBXFileReference; lastKnownFileType = sourcecode.swift; path = FolderPicker.swift; sourceTree = "<group>"; };
		100000000000000000000011 /* ScanCoordinator.swift */ = {isa = PBXFileReference; lastKnownFileType = sourcecode.swift; path = ScanCoordinator.swift; sourceTree = "<group>"; };
		100000000000000000000012 /* StorageOverview.swift */ = {isa = PBXFileReference; lastKnownFileType = sourcecode.swift; path = StorageOverview.swift; sourceTree = "<group>"; };
		100000000000000000000013 /* DashboardView.swift */ = {isa = PBXFileReference; lastKnownFileType = sourcecode.swift; path = DashboardView.swift; sourceTree = "<group>"; };
		100000000000000000000014 /* LargeFileScanner.swift */ = {isa = PBXFileReference; lastKnownFileType = sourcecode.swift; path = LargeFileScanner.swift; sourceTree = "<group>"; };
		100000000000000000000015 /* LargeFilesView.swift */ = {isa = PBXFileReference; lastKnownFileType = sourcecode.swift; path = LargeFilesView.swift; sourceTree = "<group>"; };
		100000000000000000000016 /* LargeFilesViewModel.swift */ = {isa = PBXFileReference; lastKnownFileType = sourcecode.swift; path = LargeFilesViewModel.swift; sourceTree = "<group>"; };
		100000000000000000000017 /* DeveloperCacheScanner.swift */ = {isa = PBXFileReference; lastKnownFileType = sourcecode.swift; path = DeveloperCacheScanner.swift; sourceTree = "<group>"; };
		100000000000000000000018 /* DeveloperCachesView.swift */ = {isa = PBXFileReference; lastKnownFileType = sourcecode.swift; path = DeveloperCachesView.swift; sourceTree = "<group>"; };
		100000000000000000000019 /* DeveloperCachesViewModel.swift */ = {isa = PBXFileReference; lastKnownFileType = sourcecode.swift; path = DeveloperCachesViewModel.swift; sourceTree = "<group>"; };
		100000000000000000000020 /* DuplicateFinder.swift */ = {isa = PBXFileReference; lastKnownFileType = sourcecode.swift; path = DuplicateFinder.swift; sourceTree = "<group>"; };
		100000000000000000000021 /* DuplicatesView.swift */ = {isa = PBXFileReference; lastKnownFileType = sourcecode.swift; path = DuplicatesView.swift; sourceTree = "<group>"; };
		100000000000000000000022 /* DuplicatesViewModel.swift */ = {isa = PBXFileReference; lastKnownFileType = sourcecode.swift; path = DuplicatesViewModel.swift; sourceTree = "<group>"; };
		100000000000000000000023 /* StartupManager.swift */ = {isa = PBXFileReference; lastKnownFileType = sourcecode.swift; path = StartupManager.swift; sourceTree = "<group>"; };
		100000000000000000000024 /* StartupItemsView.swift */ = {isa = PBXFileReference; lastKnownFileType = sourcecode.swift; path = StartupItemsView.swift; sourceTree = "<group>"; };
		100000000000000000000025 /* Uninstaller.swift */ = {isa = PBXFileReference; lastKnownFileType = sourcecode.swift; path = Uninstaller.swift; sourceTree = "<group>"; };
		100000000000000000000026 /* UninstallerView.swift */ = {isa = PBXFileReference; lastKnownFileType = sourcecode.swift; path = UninstallerView.swift; sourceTree = "<group>"; };
		100000000000000000000027 /* UninstallerViewModel.swift */ = {isa = PBXFileReference; lastKnownFileType = sourcecode.swift; path = UninstallerViewModel.swift; sourceTree = "<group>"; };
		100000000000000000000028 /* ContentView.swift */ = {isa = PBXFileReference; lastKnownFileType = sourcecode.swift; path = ContentView.swift; sourceTree = "<group>"; };
		100000000000000000000029 /* SidebarView.swift */ = {isa = PBXFileReference; lastKnownFileType = sourcecode.swift; path = SidebarView.swift; sourceTree = "<group>"; };
		100000000000000000000030 /* SharedComponents.swift */ = {isa = PBXFileReference; lastKnownFileType = sourcecode.swift; path = SharedComponents.swift; sourceTree = "<group>"; };
		100000000000000000000031 /* SettingsView.swift */ = {isa = PBXFileReference; lastKnownFileType = sourcecode.swift; path = SettingsView.swift; sourceTree = "<group>"; };
		100000000000000000000032 /* HistoryView.swift */ = {isa = PBXFileReference; lastKnownFileType = sourcecode.swift; path = HistoryView.swift; sourceTree = "<group>"; };
		100000000000000000000033 /* Assets.xcassets */ = {isa = PBXFileReference; lastKnownFileType = folder.assetcatalog; path = Assets.xcassets; sourceTree = "<group>"; };
		100000000000000000000034 /* Localizable.strings */ = {isa = PBXFileReference; lastKnownFileType = text.plist.strings; name = Localizable.strings; path = "en.lproj/Localizable.strings"; sourceTree = "<group>"; };
		100000000000000000000035 /* PathSafetyTests.swift */ = {isa = PBXFileReference; lastKnownFileType = sourcecode.swift; path = PathSafetyTests.swift; sourceTree = "<group>"; };
		100000000000000000000036 /* CleanupEngineTests.swift */ = {isa = PBXFileReference; lastKnownFileType = sourcecode.swift; path = CleanupEngineTests.swift; sourceTree = "<group>"; };
		100000000000000000000037 /* DuplicateFinderTests.swift */ = {isa = PBXFileReference; lastKnownFileType = sourcecode.swift; path = DuplicateFinderTests.swift; sourceTree = "<group>"; };
		100000000000000000000038 /* SettingsHistoryTests.swift */ = {isa = PBXFileReference; lastKnownFileType = sourcecode.swift; path = SettingsHistoryTests.swift; sourceTree = "<group>"; };
		100000000000000000000039 /* ScanLifecycleTests.swift */ = {isa = PBXFileReference; lastKnownFileType = sourcecode.swift; path = ScanLifecycleTests.swift; sourceTree = "<group>"; };
		100000000000000000000040 /* StartupManagerTests.swift */ = {isa = PBXFileReference; lastKnownFileType = sourcecode.swift; path = StartupManagerTests.swift; sourceTree = "<group>"; };
		100000000000000000000041 /* Info.plist */ = {isa = PBXFileReference; lastKnownFileType = text.plist.xml; path = Info.plist; sourceTree = "<group>"; };
		100000000000000000000042 /* SalmanMacCleaner.entitlements */ = {isa = PBXFileReference; lastKnownFileType = text.plist.entitlements; path = SalmanMacCleaner.entitlements; sourceTree = "<group>"; };
		100000000000000000000043 /* SalmanMacCleaner.app */ = {isa = PBXFileReference; explicitFileType = wrapper.application; includeInIndex = 0; path = SalmanMacCleaner.app; sourceTree = BUILT_PRODUCTS_DIR; };
		100000000000000000000044 /* SalmanMacCleanerTests.xctest */ = {isa = PBXFileReference; explicitFileType = wrapper.cfbundle; includeInIndex = 0; path = SalmanMacCleanerTests.xctest; sourceTree = BUILT_PRODUCTS_DIR; };
/* End PBXFileReference section */

/* Begin PBXFrameworksBuildPhase section */
		500000000000000000000001 /* Frameworks */ = {
			isa = PBXFrameworksBuildPhase;
			buildActionMask = 2147483647;
			files = (
			);
			runOnlyForDeploymentPostprocessing = 0;
		};
		500000000000000000000002 /* Frameworks */ = {
			isa = PBXFrameworksBuildPhase;
			buildActionMask = 2147483647;
			files = (
			);
			runOnlyForDeploymentPostprocessing = 0;
		};
/* End PBXFrameworksBuildPhase section */

/* Begin PBXGroup section */
		600000000000000000000001 = {
			isa = PBXGroup;
			children = (
				600000000000000000000002 /* SalmanMacCleaner */,
				600000000000000000000012 /* SalmanMacCleanerTests */,
				600000000000000000000013 /* Products */,
			);
			sourceTree = "<group>";
		};
		600000000000000000000002 /* SalmanMacCleaner */ = {
			isa = PBXGroup;
			children = (
				100000000000000000000001 /* SalmanMacCleanerApp.swift */,
				100000000000000000000041 /* Info.plist */,
				100000000000000000000042 /* SalmanMacCleaner.entitlements */,
				100000000000000000000033 /* Assets.xcassets */,
				100000000000000000000034 /* Localizable.strings */,
				600000000000000000000003 /* Core */,
				600000000000000000000004 /* Features */,
				600000000000000000000005 /* UI */,
				600000000000000000000006 /* Utilities */,
			);
			path = SalmanMacCleaner;
			sourceTree = "<group>";
		};
		600000000000000000000003 /* Core */ = {
			isa = PBXGroup;
			children = (
				100000000000000000000002 /* PathSafety.swift */,
				100000000000000000000003 /* Crypto.swift */,
				100000000000000000000004 /* FileUtilities.swift */,
				100000000000000000000005 /* AppState.swift */,
				100000000000000000000006 /* SettingsStore.swift */,
				100000000000000000000007 /* HistoryStore.swift */,
				100000000000000000000008 /* CleanupEngine.swift */,
			);
			path = Core;
			sourceTree = "<group>";
		};
		600000000000000000000004 /* Features */ = {
			isa = PBXGroup;
			children = (
				100000000000000000000009 /* Models.swift */,
				100000000000000000000010 /* FolderPicker.swift */,
				100000000000000000000011 /* ScanCoordinator.swift */,
				600000000000000000000007 /* Dashboard */,
				600000000000000000000008 /* LargeFiles */,
				600000000000000000000009 /* Duplicates */,
				600000000000000000000010 /* DeveloperCaches */,
				600000000000000000000011 /* StartupItems */,
				600000000000000000000014 /* Uninstaller */,
			);
			path = Features;
			sourceTree = "<group>";
		};
		600000000000000000000005 /* UI */ = {
			isa = PBXGroup;
			children = (
				100000000000000000000028 /* ContentView.swift */,
				100000000000000000000029 /* SidebarView.swift */,
				100000000000000000000030 /* SharedComponents.swift */,
				100000000000000000000031 /* SettingsView.swift */,
				100000000000000000000032 /* HistoryView.swift */,
			);
			path = UI;
			sourceTree = "<group>";
		};
		600000000000000000000006 /* Utilities */ = {
			isa = PBXGroup;
			children = (
			);
			path = Utilities;
			sourceTree = "<group>";
		};
		600000000000000000000007 /* Dashboard */ = {
			isa = PBXGroup;
			children = (
				100000000000000000000012 /* StorageOverview.swift */,
				100000000000000000000013 /* DashboardView.swift */,
			);
			path = Dashboard;
			sourceTree = "<group>";
		};
		600000000000000000000008 /* LargeFiles */ = {
			isa = PBXGroup;
			children = (
				100000000000000000000014 /* LargeFileScanner.swift */,
				100000000000000000000015 /* LargeFilesView.swift */,
				100000000000000000000016 /* LargeFilesViewModel.swift */,
			);
			path = LargeFiles;
			sourceTree = "<group>";
		};
		600000000000000000000009 /* Duplicates */ = {
			isa = PBXGroup;
			children = (
				100000000000000000000020 /* DuplicateFinder.swift */,
				100000000000000000000021 /* DuplicatesView.swift */,
				100000000000000000000022 /* DuplicatesViewModel.swift */,
			);
			path = Duplicates;
			sourceTree = "<group>";
		};
		600000000000000000000010 /* DeveloperCaches */ = {
			isa = PBXGroup;
			children = (
				100000000000000000000017 /* DeveloperCacheScanner.swift */,
				100000000000000000000018 /* DeveloperCachesView.swift */,
				100000000000000000000019 /* DeveloperCachesViewModel.swift */,
			);
			path = DeveloperCaches;
			sourceTree = "<group>";
		};
		600000000000000000000011 /* StartupItems */ = {
			isa = PBXGroup;
			children = (
				100000000000000000000023 /* StartupManager.swift */,
				100000000000000000000024 /* StartupItemsView.swift */,
			);
			path = StartupItems;
			sourceTree = "<group>";
		};
		600000000000000000000014 /* Uninstaller */ = {
			isa = PBXGroup;
			children = (
				100000000000000000000025 /* Uninstaller.swift */,
				100000000000000000000026 /* UninstallerView.swift */,
				100000000000000000000027 /* UninstallerViewModel.swift */,
			);
			path = Uninstaller;
			sourceTree = "<group>";
		};
		600000000000000000000012 /* SalmanMacCleanerTests */ = {
			isa = PBXGroup;
			children = (
				100000000000000000000035 /* PathSafetyTests.swift */,
				100000000000000000000036 /* CleanupEngineTests.swift */,
				100000000000000000000037 /* DuplicateFinderTests.swift */,
				100000000000000000000038 /* SettingsHistoryTests.swift */,
				100000000000000000000039 /* ScanLifecycleTests.swift */,
				100000000000000000000040 /* StartupManagerTests.swift */,
			);
			path = SalmanMacCleanerTests;
			sourceTree = "<group>";
		};
		600000000000000000000013 /* Products */ = {
			isa = PBXGroup;
			children = (
				100000000000000000000043 /* SalmanMacCleaner.app */,
				100000000000000000000044 /* SalmanMacCleanerTests.xctest */,
			);
			name = Products;
			sourceTree = "<group>";
		};
/* End PBXGroup section */

/* Begin PBXNativeTarget section */
		400000000000000000000001 /* SalmanMacCleaner */ = {
			isa = PBXNativeTarget;
			buildConfigurationList = 800000000000000000000002 /* Build configuration list for PBXNativeTarget "SalmanMacCleaner" */;
			buildPhases = (
				500000000000000000000003 /* Sources */,
				500000000000000000000001 /* Frameworks */,
				500000000000000000000005 /* Resources */,
			);
			buildRules = (
			);
			dependencies = (
			);
			name = SalmanMacCleaner;
			productName = SalmanMacCleaner;
			productReference = 100000000000000000000043 /* SalmanMacCleaner.app */;
			productType = "com.apple.product-type.application";
		};
		400000000000000000000002 /* SalmanMacCleanerTests */ = {
			isa = PBXNativeTarget;
			buildConfigurationList = 800000000000000000000003 /* Build configuration list for PBXNativeTarget "SalmanMacCleanerTests" */;
			buildPhases = (
				500000000000000000000004 /* Sources */,
				500000000000000000000002 /* Frameworks */,
				500000000000000000000006 /* Resources */,
			);
			buildRules = (
			);
			dependencies = (
				700000000000000000000001 /* PBXTargetDependency */,
			);
			name = SalmanMacCleanerTests;
			productName = SalmanMacCleanerTests;
			productReference = 100000000000000000000044 /* SalmanMacCleanerTests.xctest */;
			productType = "com.apple.product-type.bundle.unit-test";
		};
/* End PBXNativeTarget section */

/* Begin PBXProject section */
		300000000000000000000001 /* Project object */ = {
			isa = PBXProject;
			attributes = {
				BuildIndependentTargetsInParallel = 1;
				LastSwiftUpdateCheck = 1500;
				LastUpgradeCheck = 1500;
				TargetAttributes = {
					400000000000000000000001 = {
						CreatedOnToolsVersion = 15.0;
					};
					400000000000000000000002 = {
						CreatedOnToolsVersion = 15.0;
						TestTargetID = 400000000000000000000001;
					};
				};
			};
			buildConfigurationList = 800000000000000000000001 /* Build configuration list for PBXProject "SalmanMacCleaner" */;
			compatibilityVersion = "Xcode 14.0";
			developmentRegion = en;
			hasScannedForEncodings = 0;
			knownRegions = (
				en,
				Base,
			);
			mainGroup = 600000000000000000000001;
			productRefGroup = 600000000000000000000013 /* Products */;
			projectDirPath = "";
			projectRoot = "";
			targets = (
				400000000000000000000001 /* SalmanMacCleaner */,
				400000000000000000000002 /* SalmanMacCleanerTests */,
			);
		};
/* End PBXProject section */

/* Begin PBXResourcesBuildPhase section */
		500000000000000000000005 /* Resources */ = {
			isa = PBXResourcesBuildPhase;
			buildActionMask = 2147483647;
			files = (
				900000000000000000000033 /* Assets.xcassets in Resources */,
				900000000000000000000034 /* Localizable.strings in Resources */,
			);
			runOnlyForDeploymentPostprocessing = 0;
		};
		500000000000000000000006 /* Resources */ = {
			isa = PBXResourcesBuildPhase;
			buildActionMask = 2147483647;
			files = (
			);
			runOnlyForDeploymentPostprocessing = 0;
		};
/* End PBXResourcesBuildPhase section */

/* Begin PBXSourcesBuildPhase section */
		500000000000000000000003 /* Sources */ = {
			isa = PBXSourcesBuildPhase;
			buildActionMask = 2147483647;
			files = (
				900000000000000000000001 /* SalmanMacCleanerApp.swift in Sources */,
				900000000000000000000002 /* PathSafety.swift in Sources */,
				900000000000000000000003 /* Crypto.swift in Sources */,
				900000000000000000000004 /* FileUtilities.swift in Sources */,
				900000000000000000000005 /* AppState.swift in Sources */,
				900000000000000000000006 /* SettingsStore.swift in Sources */,
				900000000000000000000007 /* HistoryStore.swift in Sources */,
				900000000000000000000008 /* CleanupEngine.swift in Sources */,
				900000000000000000000009 /* Models.swift in Sources */,
				900000000000000000000010 /* FolderPicker.swift in Sources */,
				900000000000000000000011 /* ScanCoordinator.swift in Sources */,
				900000000000000000000012 /* StorageOverview.swift in Sources */,
				900000000000000000000013 /* DashboardView.swift in Sources */,
				900000000000000000000014 /* LargeFileScanner.swift in Sources */,
				900000000000000000000015 /* LargeFilesView.swift in Sources */,
				900000000000000000000016 /* LargeFilesViewModel.swift in Sources */,
				900000000000000000000017 /* DeveloperCacheScanner.swift in Sources */,
				900000000000000000000018 /* DeveloperCachesView.swift in Sources */,
				900000000000000000000019 /* DeveloperCachesViewModel.swift in Sources */,
				900000000000000000000020 /* DuplicateFinder.swift in Sources */,
				900000000000000000000021 /* DuplicatesView.swift in Sources */,
				900000000000000000000022 /* DuplicatesViewModel.swift in Sources */,
				900000000000000000000023 /* StartupManager.swift in Sources */,
				900000000000000000000024 /* StartupItemsView.swift in Sources */,
				900000000000000000000025 /* Uninstaller.swift in Sources */,
				900000000000000000000026 /* UninstallerView.swift in Sources */,
				900000000000000000000027 /* UninstallerViewModel.swift in Sources */,
				900000000000000000000028 /* ContentView.swift in Sources */,
				900000000000000000000029 /* SidebarView.swift in Sources */,
				900000000000000000000030 /* SharedComponents.swift in Sources */,
				900000000000000000000031 /* SettingsView.swift in Sources */,
				900000000000000000000032 /* HistoryView.swift in Sources */,
			);
			runOnlyForDeploymentPostprocessing = 0;
		};
		500000000000000000000004 /* Sources */ = {
			isa = PBXSourcesBuildPhase;
			buildActionMask = 2147483647;
			files = (
				900000000000000000000035 /* PathSafetyTests.swift in Sources */,
				900000000000000000000036 /* CleanupEngineTests.swift in Sources */,
				900000000000000000000037 /* DuplicateFinderTests.swift in Sources */,
				900000000000000000000038 /* SettingsHistoryTests.swift in Sources */,
				900000000000000000000039 /* ScanLifecycleTests.swift in Sources */,
				900000000000000000000040 /* StartupManagerTests.swift in Sources */,
			);
			runOnlyForDeploymentPostprocessing = 0;
		};
/* End PBXSourcesBuildPhase section */

/* Begin PBXTargetDependency section */
		700000000000000000000001 /* PBXTargetDependency */ = {
			isa = PBXTargetDependency;
			target = 400000000000000000000001 /* SalmanMacCleaner */;
			targetProxy = 200000000000000000000001 /* PBXContainerItemProxy */;
		};
/* End PBXTargetDependency section */

/* Begin XCBuildConfiguration section */
		A00000000000000000000001 /* Debug */ = {
			isa = XCBuildConfiguration;
			buildSettings = {
				ALWAYS_SEARCH_USER_PATHS = NO;
				CLANG_ANALYZER_NONNULL = YES;
				CLANG_ANALYZER_NUMBER_OBJECT_CONVERSION = YES_AGGRESSIVE;
				CLANG_CXX_LANGUAGE_STANDARD = "gnu++20";
				CLANG_ENABLE_MODULES = YES;
				CLANG_ENABLE_OBJC_ARC = YES;
				CLANG_ENABLE_OBJC_WEAK = YES;
				CLANG_WARN_BLOCK_CAPTURE_AUTORELEASING = YES;
				CLANG_WARN_BOOL_CONVERSION = YES;
				CLANG_WARN_COMMA = YES;
				CLANG_WARN_CONSTANT_CONVERSION = YES;
				CLANG_WARN_DEPRECATED_OBJC_IMPLEMENTATIONS = YES;
				CLANG_WARN_DIRECT_OBJC_ISA_USAGE = YES_ERROR;
				CLANG_WARN_DOCUMENTATION_COMMENTS = YES;
				CLANG_WARN_EMPTY_BODY = YES;
				CLANG_WARN_ENUM_CONVERSION = YES;
				CLANG_WARN_INFINITE_RECURSION = YES;
				CLANG_WARN_INT_CONVERSION = YES;
				CLANG_WARN_NON_LITERAL_NULL_CONVERSION = YES;
				CLANG_WARN_OBJC_IMPLICIT_RETAIN_SELF = YES;
				CLANG_WARN_OBJC_LITERAL_CONVERSION = YES;
				CLANG_WARN_OBJC_ROOT_CLASS = YES_ERROR;
				CLANG_WARN_QUOTED_INCLUDE_IN_FRAMEWORK_HEADER = YES;
				CLANG_WARN_RANGE_LOOP_ANALYSIS = YES;
				CLANG_WARN_STRICT_PROTOTYPES = YES;
				CLANG_WARN_SUSPICIOUS_MOVE = YES;
				CLANG_WARN_UNGUARDED_AVAILABILITY = YES_AGGRESSIVE;
				CLANG_WARN_UNREACHABLE_CODE = YES;
				CLANG_WARN__DUPLICATE_METHOD_MATCH = YES;
				COPY_PHASE_STRIP = NO;
				DEBUG_INFORMATION_FORMAT = dwarf;
				ENABLE_STRICT_OBJC_MSGSEND = YES;
				ENABLE_TESTABILITY = YES;
				GCC_C_LANGUAGE_STANDARD = gnu17;
				GCC_DYNAMIC_NO_PIC = NO;
				GCC_NO_COMMON_BLOCKS = YES;
				GCC_OPTIMIZATION_LEVEL = 0;
				GCC_PREPROCESSOR_DEFINITIONS = (
					"DEBUG=1",
					"$(inherited)",
				);
				GCC_WARN_64_TO_32_BIT_CONVERSION = YES;
				GCC_WARN_ABOUT_RETURN_TYPE = YES_ERROR;
				GCC_WARN_UNDECLARED_SELECTOR = YES;
				GCC_WARN_UNINITIALIZED_AUTOS = YES_AGGRESSIVE;
				GCC_WARN_UNUSED_FUNCTION = YES;
				GCC_WARN_UNUSED_VARIABLE = YES;
				LOCALIZATION_PREFERS_STRING_CATALOGS = YES;
				MTL_ENABLE_DEBUG_INFO = INCLUDE_SOURCE;
				MTL_FAST_MATH = YES;
				ONLY_ACTIVE_ARCH = YES;
				SDKROOT = macosx;
				SWIFT_ACTIVE_COMPILATION_CONDITIONS = "DEBUG $(inherited)";
				SWIFT_OPTIMIZATION_LEVEL = "-Onone";
			};
			name = Debug;
		};
		A00000000000000000000002 /* Release */ = {
			isa = XCBuildConfiguration;
			buildSettings = {
				ALWAYS_SEARCH_USER_PATHS = NO;
				CLANG_ANALYZER_NONNULL = YES;
				CLANG_ANALYZER_NUMBER_OBJECT_CONVERSION = YES_AGGRESSIVE;
				CLANG_CXX_LANGUAGE_STANDARD = "gnu++20";
				CLANG_ENABLE_MODULES = YES;
				CLANG_ENABLE_OBJC_ARC = YES;
				CLANG_ENABLE_OBJC_WEAK = YES;
				CLANG_WARN_BLOCK_CAPTURE_AUTORELEASING = YES;
				CLANG_WARN_BOOL_CONVERSION = YES;
				CLANG_WARN_COMMA = YES;
				CLANG_WARN_CONSTANT_CONVERSION = YES;
				CLANG_WARN_DEPRECATED_OBJC_IMPLEMENTATIONS = YES;
				CLANG_WARN_DIRECT_OBJC_ISA_USAGE = YES_ERROR;
				CLANG_WARN_DOCUMENTATION_COMMENTS = YES;
				CLANG_WARN_EMPTY_BODY = YES;
				CLANG_WARN_ENUM_CONVERSION = YES;
				CLANG_WARN_INFINITE_RECURSION = YES;
				CLANG_WARN_INT_CONVERSION = YES;
				CLANG_WARN_NON_LITERAL_NULL_CONVERSION = YES;
				CLANG_WARN_OBJC_IMPLICIT_RETAIN_SELF = YES;
				CLANG_WARN_OBJC_LITERAL_CONVERSION = YES;
				CLANG_WARN_OBJC_ROOT_CLASS = YES_ERROR;
				CLANG_WARN_QUOTED_INCLUDE_IN_FRAMEWORK_HEADER = YES;
				CLANG_WARN_RANGE_LOOP_ANALYSIS = YES;
				CLANG_WARN_STRICT_PROTOTYPES = YES;
				CLANG_WARN_SUSPICIOUS_MOVE = YES;
				CLANG_WARN_UNGUARDED_AVAILABILITY = YES_AGGRESSIVE;
				CLANG_WARN_UNREACHABLE_CODE = YES;
				CLANG_WARN__DUPLICATE_METHOD_MATCH = YES;
				COPY_PHASE_STRIP = NO;
				DEBUG_INFORMATION_FORMAT = "dwarf-with-dsym";
				ENABLE_NS_ASSERTIONS = NO;
				ENABLE_STRICT_OBJC_MSGSEND = YES;
				GCC_C_LANGUAGE_STANDARD = gnu17;
				GCC_NO_COMMON_BLOCKS = YES;
				GCC_WARN_64_TO_32_BIT_CONVERSION = YES;
				GCC_WARN_ABOUT_RETURN_TYPE = YES_ERROR;
				GCC_WARN_UNDECLARED_SELECTOR = YES;
				GCC_WARN_UNINITIALIZED_AUTOS = YES_AGGRESSIVE;
				GCC_WARN_UNUSED_FUNCTION = YES;
				GCC_WARN_UNUSED_VARIABLE = YES;
				LOCALIZATION_PREFERS_STRING_CATALOGS = YES;
				MTL_ENABLE_DEBUG_INFO = NO;
				MTL_FAST_MATH = YES;
				SDKROOT = macosx;
				SWIFT_COMPILATION_MODE = wholemodule;
				SWIFT_OPTIMIZATION_LEVEL = "-O";
			};
			name = Release;
		};
		A00000000000000000000003 /* Debug */ = {
			isa = XCBuildConfiguration;
			buildSettings = {
				ASSETCATALOG_COMPILER_APPICON_NAME = AppIcon;
				ASSETCATALOG_COMPILER_GLOBAL_ACCENT_COLOR_NAME = AccentColor;
				CODE_SIGN_ENTITLEMENTS = SalmanMacCleaner/SalmanMacCleaner.entitlements;
				CODE_SIGN_IDENTITY = "-";
				CODE_SIGN_STYLE = Automatic;
				COMBINE_HIDPI_IMAGES = YES;
				CURRENT_PROJECT_VERSION = 1;
				DEVELOPMENT_TEAM = "";
				ENABLE_APP_SANDBOX = YES;
				ENABLE_HARDENED_RUNTIME = YES;
				ENABLE_PREVIEWS = YES;
				GENERATE_INFOPLIST_FILE = NO;
				INFOPLIST_FILE = SalmanMacCleaner/Info.plist;
				LD_RUNPATH_SEARCH_PATHS = (
					"$(inherited)",
					"@executable_path/../Frameworks",
				);
				MACOSX_DEPLOYMENT_TARGET = 13.0;
				MARKETING_VERSION = 1.0.0;
				PRODUCT_BUNDLE_IDENTIFIER = com.salman.SalmanMacCleaner;
				PRODUCT_NAME = "$(TARGET_NAME)";
				SWIFT_EMIT_LOC_STRINGS = YES;
				SWIFT_VERSION = 5.9;
			};
			name = Debug;
		};
		A00000000000000000000004 /* Release */ = {
			isa = XCBuildConfiguration;
			buildSettings = {
				ASSETCATALOG_COMPILER_APPICON_NAME = AppIcon;
				ASSETCATALOG_COMPILER_GLOBAL_ACCENT_COLOR_NAME = AccentColor;
				CODE_SIGN_ENTITLEMENTS = SalmanMacCleaner/SalmanMacCleaner.entitlements;
				CODE_SIGN_IDENTITY = "-";
				CODE_SIGN_STYLE = Automatic;
				COMBINE_HIDPI_IMAGES = YES;
				CURRENT_PROJECT_VERSION = 1;
				DEVELOPMENT_TEAM = "";
				ENABLE_APP_SANDBOX = YES;
				ENABLE_HARDENED_RUNTIME = YES;
				ENABLE_PREVIEWS = YES;
				GENERATE_INFOPLIST_FILE = NO;
				INFOPLIST_FILE = SalmanMacCleaner/Info.plist;
				LD_RUNPATH_SEARCH_PATHS = (
					"$(inherited)",
					"@executable_path/../Frameworks",
				);
				MACOSX_DEPLOYMENT_TARGET = 13.0;
				MARKETING_VERSION = 1.0.0;
				PRODUCT_BUNDLE_IDENTIFIER = com.salman.SalmanMacCleaner;
				PRODUCT_NAME = "$(TARGET_NAME)";
				SWIFT_EMIT_LOC_STRINGS = YES;
				SWIFT_VERSION = 5.9;
			};
			name = Release;
		};
		A00000000000000000000005 /* Debug */ = {
			isa = XCBuildConfiguration;
			buildSettings = {
				BUNDLE_LOADER = "$(TEST_HOST)";
				CODE_SIGN_IDENTITY = "-";
				CODE_SIGN_STYLE = Automatic;
				CURRENT_PROJECT_VERSION = 1;
				DEVELOPMENT_TEAM = "";
				GENERATE_INFOPLIST_FILE = YES;
				MACOSX_DEPLOYMENT_TARGET = 13.0;
				MARKETING_VERSION = 1.0.0;
				PRODUCT_BUNDLE_IDENTIFIER = com.salman.SalmanMacCleanerTests;
				PRODUCT_NAME = "$(TARGET_NAME)";
				SWIFT_EMIT_LOC_STRINGS = NO;
				SWIFT_VERSION = 5.9;
				TEST_HOST = "$(BUILT_PRODUCTS_DIR)/SalmanMacCleaner.app/Contents/MacOS/SalmanMacCleaner";
			};
			name = Debug;
		};
		A00000000000000000000006 /* Release */ = {
			isa = XCBuildConfiguration;
			buildSettings = {
				BUNDLE_LOADER = "$(TEST_HOST)";
				CODE_SIGN_IDENTITY = "-";
				CODE_SIGN_STYLE = Automatic;
				CURRENT_PROJECT_VERSION = 1;
				DEVELOPMENT_TEAM = "";
				GENERATE_INFOPLIST_FILE = YES;
				MACOSX_DEPLOYMENT_TARGET = 13.0;
				MARKETING_VERSION = 1.0.0;
				PRODUCT_BUNDLE_IDENTIFIER = com.salman.SalmanMacCleanerTests;
				PRODUCT_NAME = "$(TARGET_NAME)";
				SWIFT_EMIT_LOC_STRINGS = NO;
				SWIFT_VERSION = 5.9;
				TEST_HOST = "$(BUILT_PRODUCTS_DIR)/SalmanMacCleaner.app/Contents/MacOS/SalmanMacCleaner";
			};
			name = Release;
		};
/* End XCBuildConfiguration section */

/* Begin XCConfigurationList section */
		800000000000000000000001 /* Build configuration list for PBXProject "SalmanMacCleaner" */ = {
			isa = XCConfigurationList;
			buildConfigurations = (
				A00000000000000000000001 /* Debug */,
				A00000000000000000000002 /* Release */,
			);
			defaultConfigurationIsVisible = 0;
			defaultConfigurationName = Release;
		};
		800000000000000000000002 /* Build configuration list for PBXNativeTarget "SalmanMacCleaner" */ = {
			isa = XCConfigurationList;
			buildConfigurations = (
				A00000000000000000000003 /* Debug */,
				A00000000000000000000004 /* Release */,
			);
			defaultConfigurationIsVisible = 0;
			defaultConfigurationName = Release;
		};
		800000000000000000000003 /* Build configuration list for PBXNativeTarget "SalmanMacCleanerTests" */ = {
			isa = XCConfigurationList;
			buildConfigurations = (
				A00000000000000000000005 /* Debug */,
				A00000000000000000000006 /* Release */,
			);
			defaultConfigurationIsVisible = 0;
			defaultConfigurationName = Release;
		};
/* End XCConfigurationList section */
	};
	rootObject = 300000000000000000000001 /* Project object */;
}
